cloud.google.com/go v0.34.0/go.mod h1:aQUYkXzVsufM+DwF1aE+0xfcU+56JwCaLick0ClmMTw=
github.com/BurntSushi/toml v0.3.1 h1:WXkYYl6Yr3qBf1K79EBnL4mak0OimBfB0XUf9Vl28OQ=
github.com/BurntSushi/toml v0.3.1/go.mod h1:xHWCNGjB5oqiDr8zfno3MHue2Ht5sIBksp03qcyfWMU=
github.com/alecthomas/kingpin v2.2.6+incompatible h1:5svnBTFgJjZvGKyYBtMB0+m5wvrbUHiqye8wRJMlnYI=
github.com/alecthomas/kingpin v2.2.6+incompatible/go.mod h1:59OFYbFVLKQKq+mqrL6Rw5bR0c3ACQaawgXx0QYndlE=
github.com/alecthomas/template v0.0.0-20190718012654-fb15b899a751 h1:JYp7IbQjafoB+tBA3gMyHYHrpOtNuDiK/uB5uXxq5wM=
github.com/alecthomas/template v0.0.0-20190718012654-fb15b899a751/go.mod h1:LOuyumcjzFXgccqObfd/Ljyb9UuFJ6TxHnclSeseNhc=
github.com/alecthomas/units v0.0.0-20190924025748-f65c72e2690d h1:UQZhZ2O0vMHr2cI+DC1Mbh0TJxzA3RcLoMsFw+aXw7E=
github.com/alecthomas/units v0.0.0-20190924025748-f65c72e2690d/go.mod h1:rBZYJk541a8SKzHPHnH3zbiI+7dagKZ0cgpgrD7Fyho=
github.com/atotto/clipboard v0.1.2 h1:YZCtFu5Ie8qX2VmVTBnrqLSiU9XOWwqNRmdT3gIQzbY=
github.com/atotto/clipboard v0.1.2/go.mod h1:ZY9tmq7sm5xIbd9bOK4onWV4S6X0u6GY7Vn0Yu86PYI=
github.com/bmizerany/assert v0.0.0-20160611221934-b7ed37b82869 h1:DDGfHa7BWjL4YnC6+E63dPcxHo2sUxDIu8g3QgEJdRY=
github.com/bmizerany/assert v0.0.0-20160611221934-b7ed37b82869/go.mod h1:Ekp36dRnpXw/yCqJaO+ZrUyxD+3VXMFFr56k5XYrpB4=
github.com/comail/colog v0.0.0-20160416085026-fba8e7b1f46c h1:bzYQ6WpR+t35/y19HUkolcg7SYeWZ15IclC9Z4naGHI=
github.com/comail/colog v0.0.0-20160416085026-fba8e7b1f46c/go.mod h1:1WwgAwMKQLYG5I2FBhpVx94YTOAuB2W59IZ7REjSE6Y=
github.com/danieljoos/wincred v1.0.2/go.mod h1:SnuYRW9lp1oJrZX/dXJqr0cPK5gYXqx3EJbmjhLdK9U=
github.com/davecgh/go-spew v1.1.0/go.mod h1:J7Y8YcW2NihsgmVo/mv3lAwl/skON4iLHjSsI+c5H38=
github.com/davecgh/go-spew v1.1.1 h1:vj9j/u1bqnvCEfJOwUhtlOARqs3+rkHYY13jYWTU97c=
github.com/davecgh/go-spew v1.1.1/go.mod h1:J7Y8YcW2NihsgmVo/mv3lAwl/skON4iLHjSsI+c5H38=
github.com/deadcheat/goblet v1.3.1 h1:OPOYQjHlbPmG8fFCt8GNNGECLVhaJ0n7F7cP5Mh7G/A=
github.com/deadcheat/goblet v1.3.1/go.mod h1:IrMNyAwyrVgB30HsND2WgleTUM4wHTS9m40yNY6NJQg=
github.com/deadcheat/gonch v0.0.0-20180528124129-c2ff7a019863 h1:WiIagMEsLYiZCeD76SSLTJPdBdnmXkrFOFbI6Chf0xg=
github.com/deadcheat/gonch v0.0.0-20180528124129-c2ff7a019863/go.mod h1:/5mH3gAuXUxGN3maOBAxBfB8RXvP9tBIX5fx2x1k0V0=
github.com/github/hub v2.11.2+incompatible h1:H0wUQmNZVxF2+XyGPTsOxUVrRrFnTq133tezo6u4X4U=
github.com/github/hub v2.11.2+incompatible/go.mod h1:zQrzJEdze2hfWJDgktd/L6sROjAdCThFrzjbxw4keTs=
github.com/godbus/dbus v4.1.0+incompatible h1:WqqLRTsQic3apZUK9qC5sGNfXthmPXzUZ7nQPrNITa4=
github.com/godbus/dbus v4.1.0+incompatible/go.mod h1:/YcGZj5zSblfDWMMoOzV4fas9FZnQYTkDnsGvmh2Grw=
github.com/golang/mock v1.1.1/go.mod h1:oTYuIxOrZwtPieC+H1uAHpcLFnEyAGVDL/k47Jfbm0A=
github.com/golang/protobuf v1.2.0 h1:P3YflyNX/ehuJFLhxviNdFxQPkGK5cDcApsge1SqnvM=
github.com/golang/protobuf v1.2.0/go.mod h1:6lQm79b+lXiMfvg/cZm0SGofjICqVBUtrP5yJMmIC1U=
github.com/golang/protobuf v1.3.1/go.mod h1:6lQm79b+lXiMfvg/cZm0SGofjICqVBUtrP5yJMmIC1U=
github.com/golang/protobuf v1.3.2 h1:6nsPYzhq5kReh6QImI3k5qWzO4PEbvbIW2cwSfR/6xs=
github.com/golang/protobuf v1.3.2/go.mod h1:6lQm79b+lXiMfvg/cZm0SGofjICqVBUtrP5yJMmIC1U=
github.com/google/go-github v17.0.0+incompatible h1:N0LgJ1j65A7kfXrZnUDaYCs/Sf4rEjNlfyDHW9dolSY=
github.com/google/go-github v17.0.0+incompatible/go.mod h1:zLgOLi98H3fifZn+44m+umXrS52loVEgC2AApnigrVQ=
github.com/google/go-github/v24 v24.0.1 h1:KCt1LjMJEey1qvPXxa9SjaWxwTsCWSq6p2Ju57UR4Q4=
github.com/google/go-github/v24 v24.0.1/go.mod h1:CRqaW1Uns1TCkP0wqTpxYyRxRjxwvKU/XSS44u6X74M=
github.com/google/go-querystring v1.0.0 h1:Xkwi/a1rcvNg1PPYe5vI8GbeBY/jrVuDX5ASuANWTrk=
github.com/google/go-querystring v1.0.0/go.mod h1:odCYkC5MyYFN7vkCjXpyrEuKhc/BUO6wN/zVPAxq5ck=
github.com/joeshaw/envdecode v0.0.0-20190604014844-d6d9849fcc2c h1:Z7RM1P7EAxnD1w40nHzHiW0uSpQmhAaUwyoUB6jqn+A=
github.com/joeshaw/envdecode v0.0.0-20190604014844-d6d9849fcc2c/go.mod h1:MEQrHur0g8VplbLOv5vXmDzacSaH9Z7XhcgsSh1xciU=
github.com/karrick/godirwalk v1.13.4 h1:wp3Qzj/e359x2xv4q38WLjYGNpTMrmr5gQe2IfBKQx0=
github.com/karrick/godirwalk v1.13.4/go.mod h1:H5KPZjojv4lE+QYImBI8xVtrBRgYrIVsaRPx4tDPEn4=
github.com/kballard/go-shellquote v0.0.0-20180428030007-95032a82bc51 h1:Z9n2FFNUXsshfwJMBgNA0RU6/i7WVaAegv3PtuIHPMs=
github.com/kballard/go-shellquote v0.0.0-20180428030007-95032a82bc51/go.mod h1:CzGEWj7cYgsdH8dAjBGEr58BoE7ScuLd+fwFZ44+/x8=
github.com/kr/pretty v0.1.0 h1:L/CwN0zerZDmRFUapSPitk6f+Q3+0za1rQkzVuMiMFI=
github.com/kr/pretty v0.1.0/go.mod h1:dAy3ld7l9f0ibDNOQOHHMYYIIbhfbHSm3C4ZsoJORNo=
github.com/kr/pty v1.1.1/go.mod h1:pFQYn66WHrOpPYNljwOMqo10TkYh1fy3cYio2l3bCsQ=
github.com/kr/text v0.1.0 h1:45sCR5RtlFHMR4UwH9sdQ5TC8v0qDQCHnXt+kaKSTVE=
github.com/kr/text v0.1.0/go.mod h1:4Jbv+DJW3UT/LiOwJeYQe1efqtUx/iVham/4vfdArNI=
github.com/kyoh86/ask v0.0.1 h1:uhacMP1dCqi4fycnnm0kKoiw9cBIGN+7BJ6GiXzTwTk=
github.com/kyoh86/ask v0.0.1/go.mod h1:ziIzeLJ0sSw17NbtLE6bCYS9sEIlEtX5LQ7dPyyiD10=
github.com/kyoh86/xdg v1.0.0 h1:TD1layQ0epNApNwGRblnQnT3S/2UH/gCQN1cmXWotvE=
github.com/kyoh86/xdg v1.0.0/go.mod h1:Z5mDqe0fxyxn3W2yTxsBAOQqIrXADQIh02wrTnaRM38=
github.com/mattn/go-colorable v0.1.4 h1:snbPLB8fVfU9iwbbo30TPtbLRzwWu6aJS6Xh4eaaviA=
github.com/mattn/go-colorable v0.1.4/go.mod h1:U0ppj6V5qS13XJ6of8GYAs25YV2eR4EVcfRqFIhoBtE=
github.com/mattn/go-isatty v0.0.8/go.mod h1:Iq45c/XA43vh69/j3iqttzPXn0bhXyGjM0Hdxcsrc5s=
github.com/mattn/go-isatty v0.0.11 h1:FxPOTFNqGkuDUGi3H/qkUbQO4ZiBa2brKq5r0l8TGeM=
github.com/mattn/go-isatty v0.0.11/go.mod h1:PhnuNfih5lzO57/f3n+odYbM4JtupLOxQOAqxQCu2WE=
github.com/mitchellh/go-homedir v1.1.0 h1:lukF9ziXFxDFPkA1vsr5zpc1XuPDn/wFntq5mG+4E0Y=
github.com/mitchellh/go-homedir v1.1.0/go.mod h1:SfyaCUpYCn1Vlf4IUYiD9fPX4A5wJrkLzIz1N1q0pr0=
github.com/pkg/errors v0.8.1 h1:iURUrRGxPUNPdy5/HRSm+Yj6okJ6UtLINN0Q9M4+h3I=
github.com/pkg/errors v0.8.1/go.mod h1:bwawxfHBFNV+L2hUp1rHADufV3IMtnDRdf1r5NINEl0=
github.com/pmezard/go-difflib v1.0.0 h1:4DBwDE0NGyQoBHbLQYPwSUPoCMWR5BEzIk/f1lZbAQM=
github.com/pmezard/go-difflib v1.0.0/go.mod h1:iKH77koFhYxTK1pcRnkKkqfTogsbg7gZNVY4sRDYZ/4=
github.com/stretchr/objx v0.1.0 h1:4G4v2dO3VZwixGIRoQ5Lfboy6nUhCyYzaqnIAPPhYs4=
github.com/stretchr/objx v0.1.0/go.mod h1:HFkY916IF+rwdDfMAkV7OtwuqBVzrE8GR6GFx+wExME=
github.com/stretchr/testify v1.4.0 h1:2E4SXV/wtOkTonXsotYi4li6zVWxYlZuYNCXe9XRJyk=
github.com/stretchr/testify v1.4.0/go.mod h1:j7eGeouHqKxXV5pUuKE4zz7dFj8WfuZ+81PSLYec5m4=
github.com/thoas/go-funk v0.5.0 h1:XXFUVqX6xnIDqXxENFHBFS1X5AoT0EDs7HJq2krRfD8=
github.com/thoas/go-funk v0.5.0/go.mod h1:+IWnUfUmFO1+WVYQWQtIJHeRRdaIyyYglZN7xzUPe4Q=
github.com/urfave/cli v1.20.0/go.mod h1:70zkFmudgCuE/ngEzBv17Jvp/497gISqfk5gWijbERA=
github.com/zalando/go-keyring v0.0.0-20200106095630-91fe8abcd771 h1:rnhHK5ClQ+NmAJm0bErrDSbU/luYDgdX8X52ak+Siio=
github.com/zalando/go-keyring v0.0.0-20200106095630-91fe8abcd771/go.mod h1:RaxNwUITJaHVdQ0VC7pELPZ3tOWn13nr0gZMZEhpVU0=
golang.org/x/crypto v0.0.0-20180820150726-614d502a4dac h1:7d7lG9fHOLdL6jZPtnV4LpI41SbohIJ1Atq7U991dMg=
golang.org/x/crypto v0.0.0-20180820150726-614d502a4dac/go.mod h1:6SG95UA2DQfeDnfUPMdvaQW0Q7yPrPDi9nlGo2tz2b4=
golang.org/x/crypto v0.0.0-20190308221718-c2843e01d9a2 h1:VklqNMn3ovrHsnt90PveolxSbWFaJdECFbxSq0Mqo2M=
golang.org/x/crypto v0.0.0-20190308221718-c2843e01d9a2/go.mod h1:djNgcEr1/C05ACkg1iLfiJU5Ep61QUkGW8qpdssI0+w=
golang.org/x/crypto v0.0.0-20190308221718-c2843e01d9a2/go.mod h1:djNgcEr1/C05ACkg1iLfiJU5Ep61QUkGW8qpdssI0+w=
golang.org/x/crypto v0.0.0-20191219195013-becbf705a915 h1:aJ0ex187qoXrJHPo8ZasVTASQB7llQP6YeNzgDALPRk=
golang.org/x/crypto v0.0.0-20191219195013-becbf705a915/go.mod h1:LzIPMQfyMNhhGPhUkYOs5KpL4U8rLKemX1yGLhDgUto=
golang.org/x/net v0.0.0-20180404174746-b3c676e531a6/go.mod h1:mL1N/T3taQHkDXs73rZJwtUhF3w3ftmwwsq0BUmARs4=
golang.org/x/net v0.0.0-20180724234803-3673e40ba225/go.mod h1:mL1N/T3taQHkDXs73rZJwtUhF3w3ftmwwsq0BUmARs4=
golang.org/x/net v0.0.0-20180826012351-8a410e7b638d h1:g9qWBGx4puODJTMVyoPrpoxPFgVGd+z1DZwjfRu4d0I=
golang.org/x/net v0.0.0-20180826012351-8a410e7b638d/go.mod h1:mL1N/T3taQHkDXs73rZJwtUhF3w3ftmwwsq0BUmARs4=
golang.org/x/net v0.0.0-20190108225652-1e06a53dbb7e/go.mod h1:mL1N/T3taQHkDXs73rZJwtUhF3w3ftmwwsq0BUmARs4=
golang.org/x/net v0.0.0-20190404232315-eb5bcb51f2a3/go.mod h1:t9HGtf8HONx5eT2rtn7q6eTqICYqUVnKs3thJo3Qplg=
golang.org/x/net v0.0.0-20190603091049-60506f45cf65/go.mod h1:HSz+uSET+XFnRR8LxR5pz3Of3rY3CfYBVs4xY44aLks=
golang.org/x/net v0.0.0-20191209160850-c0dbc17a3553 h1:efeOvDhwQ29Dj3SdAV/MJf8oukgn+8D8WgaCaRMchF8=
golang.org/x/net v0.0.0-20191209160850-c0dbc17a3553/go.mod h1:z5CRVTTTmAJ677TzLLGU+0bjPO0LkuOLi4/5GtJWs/s=
golang.org/x/oauth2 v0.0.0-20180821212333-d2e6202438be h1:vEDujvNQGv4jgYKudGeI/+DAX4Jffq6hpD55MmoEvKs=
golang.org/x/oauth2 v0.0.0-20180821212333-d2e6202438be/go.mod h1:N/0e6XlmueqKjAGxoOufVs8QHGRruUQn6yWY3a++T0U=
golang.org/x/oauth2 v0.0.0-20191202225959-858c2ad4c8b6 h1:pE8b58s1HRDMi8RDc79m0HISf9D4TzseP40cEA6IGfs=
golang.org/x/oauth2 v0.0.0-20191202225959-858c2ad4c8b6/go.mod h1:gOpvHmFTYa4IltrdGE7lF6nIHvwfUNPOp7c8zoXwtLw=
golang.org/x/sync v0.0.0-20181221193216-37e7f081c4d4/go.mod h1:RxMgew5VJxzue5/jJTE5uejpjVlOe/izrB70Jof72aM=
golang.org/x/sys v0.0.0-20180824143301-4910a1d54f87 h1:GqwDwfvIpC33dK9bA1fD+JiDUNsuAiQiEkpHqUKze4o=
golang.org/x/sys v0.0.0-20180824143301-4910a1d54f87/go.mod h1:STP8DvDyc/dI5b8T5hshtkjS+E42TnysNCUPdjciGhY=
golang.org/x/sys v0.0.0-20190215142949-d0b11bdaac8a/go.mod h1:STP8DvDyc/dI5b8T5hshtkjS+E42TnysNCUPdjciGhY=
golang.org/x/sys v0.0.0-20190222072716-a9d3bda3a223 h1:DH4skfRX4EBpamg7iV4ZlCpblAHI6s6TDM39bFZumv8=
golang.org/x/sys v0.0.0-20190222072716-a9d3bda3a223/go.mod h1:STP8DvDyc/dI5b8T5hshtkjS+E42TnysNCUPdjciGhY=
golang.org/x/sys v0.0.0-20190412213103-97732733099d/go.mod h1:h1NjWce9XRLGQEsW7wpKNCjG9DtNlClVuFLEZdDNbEs=
golang.org/x/sys v0.0.0-20191026070338-33540a1f6037/go.mod h1:h1NjWce9XRLGQEsW7wpKNCjG9DtNlClVuFLEZdDNbEs=
golang.org/x/sys v0.0.0-20191220220014-0732a990476f h1:72l8qCJ1nGxMGH26QVBVIxKd/D34cfGt0OvrPtpemyY=
golang.org/x/sys v0.0.0-20191220220014-0732a990476f/go.mod h1:h1NjWce9XRLGQEsW7wpKNCjG9DtNlClVuFLEZdDNbEs=
golang.org/x/text v0.3.0/go.mod h1:NqM8EUOU14njkJ3fqMW+pc6Ldnwhi/IjpwHt7yyuwOQ=
golang.org/x/text v0.3.2/go.mod h1:bEr9sfX3Q8Zfm5fL9x+3itogRgK3+ptLWKqgva+5dAk=
golang.org/x/tools v0.0.0-20180917221912-90fa682c2a6e/go.mod h1:n7NCudcB/nEzxVGmLbDWY5pfWTLqBcC2KZ6jyYvM4mQ=
google.golang.org/appengine v1.1.0 h1:igQkv0AAhEIvTEpD5LIpAfav2eeVO9HBTjvKHVJPRSs=
google.golang.org/appengine v1.1.0/go.mod h1:EbEs0AVv82hx2wNQdGPgUI5lhzA/G0D9YwlJXL52JkM=
google.golang.org/appengine v1.4.0/go.mod h1:xpcJRLb0r/rnEns0DIKYYv+WjYCduHsrkT7/EB5XEv4=
google.golang.org/appengine v1.6.5 h1:tycE03LOZYQNhDpS27tcQdAzLCVMaj7QT2SXxebnpCM=
google.golang.org/appengine v1.6.5/go.mod h1:8WjMMxjGQR8xUklV/ARdw2HLXBOI7O7uCIDZVag1xfc=
gopkg.in/check.v1 v0.0.0-20161208181325-20d25e280405 h1:yhCVgyC4o1eVCa2tZl7eS0r+SDo693bJlVdllGtEeKM=
gopkg.in/check.v1 v0.0.0-20161208181325-20d25e280405/go.mod h1:Co6ibVJAznAaIkqp8huTwlJQCZ016jof/cbN4VW5Yz0=
gopkg.in/yaml.v2 v2.2.2/go.mod h1:hI93XBmqTisBFMUTm0b8Fm+jr3Dg1NNxqwp+5A1VGuI=
gopkg.in/yaml.v2 v2.2.2/go.mod h1:hI93XBmqTisBFMUTm0b8Fm+jr3Dg1NNxqwp+5A1VGuI=
gopkg.in/yaml.v2 v2.2.7 h1:VUgggvou5XRW9mHwD/yXxIYSMtY0zoKQf/v226p2nyo=
gopkg.in/yaml.v2 v2.2.7/go.mod h1:hI93XBmqTisBFMUTm0b8Fm+jr3Dg1NNxqwp+5A1VGuI=
